// !$*UTF8*$!
{
	archiveVersion = 1;
	classes = {
	};
	objectVersion = 46;
	objects = {

/* Begin PBXBuildFile section */
		8A2AAC292D198E91A23C2743 /* Pods_ShortenerTests.framework in Frameworks */ = {isa = PBXBuildFile; fileRef = 1782FB7F9FBCB904F0B92498 /* Pods_ShortenerTests.framework */; };
		A536DD02BA1B3A06E43B04DC /* Pods_Shortener.framework in Frameworks */ = {isa = PBXBuildFile; fileRef = F05FCD019E88F5B4CE51682F /* Pods_Shortener.framework */; };
		C10DCB191CAD404500C9B0C4 /* AppDelegate.swift in Sources */ = {isa = PBXBuildFile; fileRef = C10DCB181CAD404500C9B0C4 /* AppDelegate.swift */; };
		C10DCB1E1CAD404500C9B0C4 /* Main.storyboard in Resources */ = {isa = PBXBuildFile; fileRef = C10DCB1C1CAD404500C9B0C4 /* Main.storyboard */; };
		C10DCB211CAD404500C9B0C4 /* Shortener.xcdatamodeld in Sources */ = {isa = PBXBuildFile; fileRef = C10DCB1F1CAD404500C9B0C4 /* Shortener.xcdatamodeld */; };
		C10DCB231CAD404500C9B0C4 /* Assets.xcassets in Resources */ = {isa = PBXBuildFile; fileRef = C10DCB221CAD404500C9B0C4 /* Assets.xcassets */; };
		C10DCB261CAD404500C9B0C4 /* LaunchScreen.storyboard in Resources */ = {isa = PBXBuildFile; fileRef = C10DCB241CAD404500C9B0C4 /* LaunchScreen.storyboard */; };
		C10DCB311CAD404500C9B0C4 /* ShortenerTests.swift in Sources */ = {isa = PBXBuildFile; fileRef = C10DCB301CAD404500C9B0C4 /* ShortenerTests.swift */; };
		C10DCB4D1CAD423500C9B0C4 /* SWRevealViewController.m in Sources */ = {isa = PBXBuildFile; fileRef = C10DCB4C1CAD423500C9B0C4 /* SWRevealViewController.m */; };
		C10DCB4F1CAD468B00C9B0C4 /* MenuTableViewController.swift in Sources */ = {isa = PBXBuildFile; fileRef = C10DCB4E1CAD468B00C9B0C4 /* MenuTableViewController.swift */; };
		C10DCB511CAD46BE00C9B0C4 /* LinksTableViewController.swift in Sources */ = {isa = PBXBuildFile; fileRef = C10DCB501CAD46BE00C9B0C4 /* LinksTableViewController.swift */; };
		C10DCB531CAD46DC00C9B0C4 /* AddLinkViewController.swift in Sources */ = {isa = PBXBuildFile; fileRef = C10DCB521CAD46DC00C9B0C4 /* AddLinkViewController.swift */; };
		C10DCB561CAD4A3600C9B0C4 /* AddLinkProtocol.swift in Sources */ = {isa = PBXBuildFile; fileRef = C10DCB551CAD4A3600C9B0C4 /* AddLinkProtocol.swift */; };
		C10DCB591CAD4AD300C9B0C4 /* FetchLinksProtocol.swift in Sources */ = {isa = PBXBuildFile; fileRef = C10DCB581CAD4AD300C9B0C4 /* FetchLinksProtocol.swift */; };
		C10DCB681CAD5B3B00C9B0C4 /* HTTPAddress.swift in Sources */ = {isa = PBXBuildFile; fileRef = C10DCB671CAD5B3B00C9B0C4 /* HTTPAddress.swift */; };
		C10DCB6A1CAD7D9A00C9B0C4 /* HttpRequest.swift in Sources */ = {isa = PBXBuildFile; fileRef = C10DCB691CAD7D9A00C9B0C4 /* HttpRequest.swift */; };
		C1A12B271CAFEE70005C954B /* LinksCell.swift in Sources */ = {isa = PBXBuildFile; fileRef = C1A12B261CAFEE70005C954B /* LinksCell.swift */; };
/* End PBXBuildFile section */

/* Begin PBXContainerItemProxy section */
		C10DCB2D1CAD404500C9B0C4 /* PBXContainerItemProxy */ = {
			isa = PBXContainerItemProxy;
			containerPortal = C10DCB0D1CAD404500C9B0C4 /* Project object */;
			proxyType = 1;
			remoteGlobalIDString = C10DCB141CAD404500C9B0C4;
			remoteInfo = Shortener;
		};
/* End PBXContainerItemProxy section */

/* Begin PBXFileReference section */
		1782FB7F9FBCB904F0B92498 /* Pods_ShortenerTests.framework */ = {isa = PBXFileReference; explicitFileType = wrapper.framework; includeInIndex = 0; path = Pods_ShortenerTests.framework; sourceTree = BUILT_PRODUCTS_DIR; };
		2CCF9B01283ED015F5AB9873 /* Pods-ShortenerTests.debug.xcconfig */ = {isa = PBXFileReference; includeInIndex = 1; lastKnownFileType = text.xcconfig; name = "Pods-ShortenerTests.debug.xcconfig"; path = "Pods/Target Support Files/Pods-ShortenerTests/Pods-ShortenerTests.debug.xcconfig"; sourceTree = "<group>"; };
		32646666DB43FF674D5E37AB /* Pods-ShortenerTests.release.xcconfig */ = {isa = PBXFileReference; includeInIndex = 1; lastKnownFileType = text.xcconfig; name = "Pods-ShortenerTests.release.xcconfig"; path = "Pods/Target Support Files/Pods-ShortenerTests/Pods-ShortenerTests.release.xcconfig"; sourceTree = "<group>"; };
		515A7CEB9536540EF8819A80 /* Pods-Shortener.debug.xcconfig */ = {isa = PBXFileReference; includeInIndex = 1; lastKnownFileType = text.xcconfig; name = "Pods-Shortener.debug.xcconfig"; path = "Pods/Target Support Files/Pods-Shortener/Pods-Shortener.debug.xcconfig"; sourceTree = "<group>"; };
		C10DCB151CAD404500C9B0C4 /* Shortener.app */ = {isa = PBXFileReference; explicitFileType = wrapper.application; includeInIndex = 0; path = Shortener.app; sourceTree = BUILT_PRODUCTS_DIR; };
		C10DCB181CAD404500C9B0C4 /* AppDelegate.swift */ = {isa = PBXFileReference; lastKnownFileType = sourcecode.swift; path = AppDelegate.swift; sourceTree = "<group>"; };
		C10DCB1D1CAD404500C9B0C4 /* Base */ = {isa = PBXFileReference; lastKnownFileType = file.storyboard; name = Base; path = Base.lproj/Main.storyboard; sourceTree = "<group>"; };
		C10DCB201CAD404500C9B0C4 /* Shortener.xcdatamodel */ = {isa = PBXFileReference; lastKnownFileType = wrapper.xcdatamodel; path = Shortener.xcdatamodel; sourceTree = "<group>"; };
		C10DCB221CAD404500C9B0C4 /* Assets.xcassets */ = {isa = PBXFileReference; lastKnownFileType = folder.assetcatalog; path = Assets.xcassets; sourceTree = "<group>"; };
		C10DCB251CAD404500C9B0C4 /* Base */ = {isa = PBXFileReference; lastKnownFileType = file.storyboard; name = Base; path = Base.lproj/LaunchScreen.storyboard; sourceTree = "<group>"; };
		C10DCB271CAD404500C9B0C4 /* Info.plist */ = {isa = PBXFileReference; lastKnownFileType = text.plist.xml; path = Info.plist; sourceTree = "<group>"; };
		C10DCB2C1CAD404500C9B0C4 /* ShortenerTests.xctest */ = {isa = PBXFileReference; explicitFileType = wrapper.cfbundle; includeInIndex = 0; path = ShortenerTests.xctest; sourceTree = BUILT_PRODUCTS_DIR; };
		C10DCB301CAD404500C9B0C4 /* ShortenerTests.swift */ = {isa = PBXFileReference; lastKnownFileType = sourcecode.swift; path = ShortenerTests.swift; sourceTree = "<group>"; };
		C10DCB321CAD404500C9B0C4 /* Info.plist */ = {isa = PBXFileReference; lastKnownFileType = text.plist.xml; path = Info.plist; sourceTree = "<group>"; };
		C10DCB4A1CAD423400C9B0C4 /* Bridging-Header.h */ = {isa = PBXFileReference; lastKnownFileType = sourcecode.c.h; path = "Bridging-Header.h"; sourceTree = "<group>"; };
		C10DCB4B1CAD423500C9B0C4 /* SWRevealViewController.h */ = {isa = PBXFileReference; fileEncoding = 4; lastKnownFileType = sourcecode.c.h; path = SWRevealViewController.h; sourceTree = "<group>"; };
		C10DCB4C1CAD423500C9B0C4 /* SWRevealViewController.m */ = {isa = PBXFileReference; fileEncoding = 4; lastKnownFileType = sourcecode.c.objc; path = SWRevealViewController.m; sourceTree = "<group>"; };
		C10DCB4E1CAD468B00C9B0C4 /* MenuTableViewController.swift */ = {isa = PBXFileReference; fileEncoding = 4; lastKnownFileType = sourcecode.swift; path = MenuTableViewController.swift; sourceTree = "<group>"; };
		C10DCB501CAD46BE00C9B0C4 /* LinksTableViewController.swift */ = {isa = PBXFileReference; fileEncoding = 4; lastKnownFileType = sourcecode.swift; path = LinksTableViewController.swift; sourceTree = "<group>"; };
		C10DCB521CAD46DC00C9B0C4 /* AddLinkViewController.swift */ = {isa = PBXFileReference; fileEncoding = 4; lastKnownFileType = sourcecode.swift; path = AddLinkViewController.swift; sourceTree = "<group>"; };
		C10DCB551CAD4A3600C9B0C4 /* AddLinkProtocol.swift */ = {isa = PBXFileReference; fileEncoding = 4; lastKnownFileType = sourcecode.swift; path = AddLinkProtocol.swift; sourceTree = "<group>"; };
		C10DCB581CAD4AD300C9B0C4 /* FetchLinksProtocol.swift */ = {isa = PBXFileReference; fileEncoding = 4; lastKnownFileType = sourcecode.swift; path = FetchLinksProtocol.swift; sourceTree = "<group>"; };
		C10DCB671CAD5B3B00C9B0C4 /* HTTPAddress.swift */ = {isa = PBXFileReference; fileEncoding = 4; lastKnownFileType = sourcecode.swift; path = HTTPAddress.swift; sourceTree = "<group>"; };
		C10DCB691CAD7D9A00C9B0C4 /* HttpRequest.swift */ = {isa = PBXFileReference; fileEncoding = 4; lastKnownFileType = sourcecode.swift; path = HttpRequest.swift; sourceTree = "<group>"; };
		C1A12B261CAFEE70005C954B /* LinksCell.swift */ = {isa = PBXFileReference; fileEncoding = 4; lastKnownFileType = sourcecode.swift; path = LinksCell.swift; sourceTree = "<group>"; };
		F05FCD019E88F5B4CE51682F /* Pods_Shortener.framework */ = {isa = PBXFileReference; explicitFileType = wrapper.framework; includeInIndex = 0; path = Pods_Shortener.framework; sourceTree = BUILT_PRODUCTS_DIR; };
		F2373AC6AEFFE394699A59B2 /* Pods-Shortener.release.xcconfig */ = {isa = PBXFileReference; includeInIndex = 1; lastKnownFileType = text.xcconfig; name = "Pods-Shortener.release.xcconfig"; path = "Pods/Target Support Files/Pods-Shortener/Pods-Shortener.release.xcconfig"; sourceTree = "<group>"; };
/* End PBXFileReference section */

/* Begin PBXFrameworksBuildPhase section */
		C10DCB121CAD404500C9B0C4 /* Frameworks */ = {
			isa = PBXFrameworksBuildPhase;
			buildActionMask = 2147483647;
			files = (
				A536DD02BA1B3A06E43B04DC /* Pods_Shortener.framework in Frameworks */,
			);
			runOnlyForDeploymentPostprocessing = 0;
		};
		C10DCB291CAD404500C9B0C4 /* Frameworks */ = {
			isa = PBXFrameworksBuildPhase;
			buildActionMask = 2147483647;
			files = (
				8A2AAC292D198E91A23C2743 /* Pods_ShortenerTests.framework in Frameworks */,
			);
			runOnlyForDeploymentPostprocessing = 0;
		};
/* End PBXFrameworksBuildPhase section */

/* Begin PBXGroup section */
		9FA90B81FD2FC44997766AFD /* Frameworks */ = {
			isa = PBXGroup;
			children = (
				F05FCD019E88F5B4CE51682F /* Pods_Shortener.framework */,
				1782FB7F9FBCB904F0B92498 /* Pods_ShortenerTests.framework */,
			);
			name = Frameworks;
			sourceTree = "<group>";
		};
		C10DCB0C1CAD404500C9B0C4 = {
			isa = PBXGroup;
			children = (
				C10DCB171CAD404500C9B0C4 /* Shortener */,
				C10DCB2F1CAD404500C9B0C4 /* ShortenerTests */,
				C10DCB161CAD404500C9B0C4 /* Products */,
				CFFE445B9EBF4239A5AE5BB6 /* Pods */,
				9FA90B81FD2FC44997766AFD /* Frameworks */,
			);
			sourceTree = "<group>";
		};
		C10DCB161CAD404500C9B0C4 /* Products */ = {
			isa = PBXGroup;
			children = (
				C10DCB151CAD404500C9B0C4 /* Shortener.app */,
				C10DCB2C1CAD404500C9B0C4 /* ShortenerTests.xctest */,
			);
			name = Products;
			sourceTree = "<group>";
		};
		C10DCB171CAD404500C9B0C4 /* Shortener */ = {
			isa = PBXGroup;
			children = (
				C10DCB181CAD404500C9B0C4 /* AppDelegate.swift */,
				C10DCB1C1CAD404500C9B0C4 /* Main.storyboard */,
				C10DCB4E1CAD468B00C9B0C4 /* MenuTableViewController.swift */,
				C10DCB691CAD7D9A00C9B0C4 /* HttpRequest.swift */,
				C10DCB541CAD4A0D00C9B0C4 /* AddLink */,
				C10DCB571CAD4AAB00C9B0C4 /* FetchLinks */,
				C10DCB641CAD517F00C9B0C4 /* CoreData */,
				C10DCB221CAD404500C9B0C4 /* Assets.xcassets */,
				C1A12B251CAE5617005C954B /* Bridging */,
				C10DCB491CAD420C00C9B0C4 /* SWRevealController */,
				C10DCB241CAD404500C9B0C4 /* LaunchScreen.storyboard */,
				C10DCB271CAD404500C9B0C4 /* Info.plist */,
			);
			path = Shortener;
			sourceTree = "<group>";
		};
		C10DCB2F1CAD404500C9B0C4 /* ShortenerTests */ = {
			isa = PBXGroup;
			children = (
				C10DCB301CAD404500C9B0C4 /* ShortenerTests.swift */,
				C10DCB321CAD404500C9B0C4 /* Info.plist */,
			);
			path = ShortenerTests;
			sourceTree = "<group>";
		};
		C10DCB491CAD420C00C9B0C4 /* SWRevealController */ = {
			isa = PBXGroup;
			children = (
				C10DCB4B1CAD423500C9B0C4 /* SWRevealViewController.h */,
				C10DCB4C1CAD423500C9B0C4 /* SWRevealViewController.m */,
			);
			name = SWRevealController;
			sourceTree = "<group>";
		};
		C10DCB541CAD4A0D00C9B0C4 /* AddLink */ = {
			isa = PBXGroup;
			children = (
				C10DCB521CAD46DC00C9B0C4 /* AddLinkViewController.swift */,
				C10DCB551CAD4A3600C9B0C4 /* AddLinkProtocol.swift */,
			);
			name = AddLink;
			sourceTree = "<group>";
		};
		C10DCB571CAD4AAB00C9B0C4 /* FetchLinks */ = {
			isa = PBXGroup;
			children = (
				C10DCB501CAD46BE00C9B0C4 /* LinksTableViewController.swift */,
				C10DCB581CAD4AD300C9B0C4 /* FetchLinksProtocol.swift */,
				C1A12B261CAFEE70005C954B /* LinksCell.swift */,
			);
			name = FetchLinks;
			sourceTree = "<group>";
		};
		C10DCB641CAD517F00C9B0C4 /* CoreData */ = {
			isa = PBXGroup;
			children = (
				C10DCB671CAD5B3B00C9B0C4 /* HTTPAddress.swift */,
				C10DCB1F1CAD404500C9B0C4 /* Shortener.xcdatamodeld */,
			);
			name = CoreData;
			sourceTree = "<group>";
		};
		C1A12B251CAE5617005C954B /* Bridging */ = {
			isa = PBXGroup;
			children = (
				C10DCB4A1CAD423400C9B0C4 /* Bridging-Header.h */,
			);
			name = Bridging;
			sourceTree = "<group>";
		};
		CFFE445B9EBF4239A5AE5BB6 /* Pods */ = {
			isa = PBXGroup;
			children = (
				515A7CEB9536540EF8819A80 /* Pods-Shortener.debug.xcconfig */,
				F2373AC6AEFFE394699A59B2 /* Pods-Shortener.release.xcconfig */,
				2CCF9B01283ED015F5AB9873 /* Pods-ShortenerTests.debug.xcconfig */,
				32646666DB43FF674D5E37AB /* Pods-ShortenerTests.release.xcconfig */,
			);
			name = Pods;
			sourceTree = "<group>";
		};
/* End PBXGroup section */

/* Begin PBXNativeTarget section */
		C10DCB141CAD404500C9B0C4 /* Shortener */ = {
			isa = PBXNativeTarget;
			buildConfigurationList = C10DCB401CAD404500C9B0C4 /* Build configuration list for PBXNativeTarget "Shortener" */;
			buildPhases = (
				4DDB4291CCEFE2DB83CB4CEF /* [CP] Check Pods Manifest.lock */,
				C10DCB111CAD404500C9B0C4 /* Sources */,
				C10DCB121CAD404500C9B0C4 /* Frameworks */,
				C10DCB131CAD404500C9B0C4 /* Resources */,
				1B1A079FB74DE8DE72AAD84E /* Tailor */,
				A1BDB389F0D6F5FCA80FE1D4 /* Tailor */,
				628D9AC1549C39D409D03AC3 /* [CP] Embed Pods Frameworks */,
				5DA6333C092F988E7AB3418B /* [CP] Copy Pods Resources */,
			);
			buildRules = (
			);
			dependencies = (
			);
			name = Shortener;
			productName = Shortener;
			productReference = C10DCB151CAD404500C9B0C4 /* Shortener.app */;
			productType = "com.apple.product-type.application";
		};
		C10DCB2B1CAD404500C9B0C4 /* ShortenerTests */ = {
			isa = PBXNativeTarget;
			buildConfigurationList = C10DCB431CAD404500C9B0C4 /* Build configuration list for PBXNativeTarget "ShortenerTests" */;
			buildPhases = (
				ADA3B6ACA1947406FBA4D6D8 /* [CP] Check Pods Manifest.lock */,
				C10DCB281CAD404500C9B0C4 /* Sources */,
				C10DCB291CAD404500C9B0C4 /* Frameworks */,
				C10DCB2A1CAD404500C9B0C4 /* Resources */,
				C7E2D3B8F772243AD969600A /* [CP] Embed Pods Frameworks */,
				6186407BCF11F543010E95F8 /* [CP] Copy Pods Resources */,
			);
			buildRules = (
			);
			dependencies = (
				C10DCB2E1CAD404500C9B0C4 /* PBXTargetDependency */,
			);
			name = ShortenerTests;
			productName = ShortenerTests;
			productReference = C10DCB2C1CAD404500C9B0C4 /* ShortenerTests.xctest */;
			productType = "com.apple.product-type.bundle.unit-test";
		};
/* End PBXNativeTarget section */

/* Begin PBXProject section */
		C10DCB0D1CAD404500C9B0C4 /* Project object */ = {
			isa = PBXProject;
			attributes = {
				LastSwiftUpdateCheck = 0730;
				LastUpgradeCheck = 0730;
				ORGANIZATIONNAME = "Piotr Pawluś";
				TargetAttributes = {
					C10DCB141CAD404500C9B0C4 = {
						CreatedOnToolsVersion = 7.3;
						LastSwiftMigration = 0830;
					};
					C10DCB2B1CAD404500C9B0C4 = {
						CreatedOnToolsVersion = 7.3;
						LastSwiftMigration = 0830;
						TestTargetID = C10DCB141CAD404500C9B0C4;
					};
				};
			};
			buildConfigurationList = C10DCB101CAD404500C9B0C4 /* Build configuration list for PBXProject "Shortener" */;
			compatibilityVersion = "Xcode 3.2";
			developmentRegion = English;
			hasScannedForEncodings = 0;
			knownRegions = (
				en,
				Base,
			);
			mainGroup = C10DCB0C1CAD404500C9B0C4;
			productRefGroup = C10DCB161CAD404500C9B0C4 /* Products */;
			projectDirPath = "";
			projectRoot = "";
			targets = (
				C10DCB141CAD404500C9B0C4 /* Shortener */,
				C10DCB2B1CAD404500C9B0C4 /* ShortenerTests */,
			);
		};
/* End PBXProject section */

/* Begin PBXResourcesBuildPhase section */
		C10DCB131CAD404500C9B0C4 /* Resources */ = {
			isa = PBXResourcesBuildPhase;
			buildActionMask = 2147483647;
			files = (
				C10DCB261CAD404500C9B0C4 /* LaunchScreen.storyboard in Resources */,
				C10DCB231CAD404500C9B0C4 /* Assets.xcassets in Resources */,
				C10DCB1E1CAD404500C9B0C4 /* Main.storyboard in Resources */,
			);
			runOnlyForDeploymentPostprocessing = 0;
		};
		C10DCB2A1CAD404500C9B0C4 /* Resources */ = {
			isa = PBXResourcesBuildPhase;
			buildActionMask = 2147483647;
			files = (
			);
			runOnlyForDeploymentPostprocessing = 0;
		};
/* End PBXResourcesBuildPhase section */

/* Begin PBXShellScriptBuildPhase section */
		1B1A079FB74DE8DE72AAD84E /* Tailor */ = {
			isa = PBXShellScriptBuildPhase;
			buildActionMask = 2147483647;
			files = (
			);
			inputPaths = (
			);
			name = Tailor;
			outputPaths = (
			);
			runOnlyForDeploymentPostprocessing = 0;
			shellPath = /bin/sh;
			shellScript = "if hash tailor 2>/dev/null; then\n  tailor\nelse\n  echo \"warning: Please install Tailor from https://tailor.sh\"\nfi";
		};
		4DDB4291CCEFE2DB83CB4CEF /* [CP] Check Pods Manifest.lock */ = {
			isa = PBXShellScriptBuildPhase;
			buildActionMask = 2147483647;
			files = (
			);
			inputPaths = (
			);
			name = "[CP] Check Pods Manifest.lock";
			outputPaths = (
			);
			runOnlyForDeploymentPostprocessing = 0;
			shellPath = /bin/sh;
			shellScript = "diff \"${PODS_PODFILE_DIR_PATH}/Podfile.lock\" \"${PODS_ROOT}/Manifest.lock\" > /dev/null\nif [ $? != 0 ] ; then\n    # print error to STDERR\n    echo \"error: The sandbox is not in sync with the Podfile.lock. Run 'pod install' or update your CocoaPods installation.\" >&2\n    exit 1\nfi\n";
			showEnvVarsInLog = 0;
		};
		5DA6333C092F988E7AB3418B /* [CP] Copy Pods Resources */ = {
			isa = PBXShellScriptBuildPhase;
			buildActionMask = 2147483647;
			files = (
			);
			inputPaths = (
			);
			name = "[CP] Copy Pods Resources";
			outputPaths = (
			);
			runOnlyForDeploymentPostprocessing = 0;
			shellPath = /bin/sh;
			shellScript = "\"${SRCROOT}/Pods/Target Support Files/Pods-Shortener/Pods-Shortener-resources.sh\"\n";
			showEnvVarsInLog = 0;
		};
		6186407BCF11F543010E95F8 /* [CP] Copy Pods Resources */ = {
			isa = PBXShellScriptBuildPhase;
			buildActionMask = 2147483647;
			files = (
			);
			inputPaths = (
			);
			name = "[CP] Copy Pods Resources";
			outputPaths = (
			);
			runOnlyForDeploymentPostprocessing = 0;
			shellPath = /bin/sh;
			shellScript = "\"${SRCROOT}/Pods/Target Support Files/Pods-ShortenerTests/Pods-ShortenerTests-resources.sh\"\n";
			showEnvVarsInLog = 0;
		};
		628D9AC1549C39D409D03AC3 /* [CP] Embed Pods Frameworks */ = {
			isa = PBXShellScriptBuildPhase;
			buildActionMask = 2147483647;
			files = (
			);
			inputPaths = (
			);
			name = "[CP] Embed Pods Frameworks";
			outputPaths = (
			);
			runOnlyForDeploymentPostprocessing = 0;
			shellPath = /bin/sh;
			shellScript = "\"${SRCROOT}/Pods/Target Support Files/Pods-Shortener/Pods-Shortener-frameworks.sh\"\n";
			showEnvVarsInLog = 0;
		};
		A1BDB389F0D6F5FCA80FE1D4 /* Tailor */ = {
			isa = PBXShellScriptBuildPhase;
			buildActionMask = 2147483647;
			files = (
			);
			inputPaths = (
			);
			name = Tailor;
			outputPaths = (
			);
			runOnlyForDeploymentPostprocessing = 0;
			shellPath = /bin/sh;
			shellScript = "if hash tailor 2>/dev/null; then\n  tailor\nelse\n  echo \"warning: Please install Tailor from https://tailor.sh\"\nfi";
		};
		ADA3B6ACA1947406FBA4D6D8 /* [CP] Check Pods Manifest.lock */ = {
			isa = PBXShellScriptBuildPhase;
			buildActionMask = 2147483647;
			files = (
			);
			inputPaths = (
			);
			name = "[CP] Check Pods Manifest.lock";
			outputPaths = (
			);
			runOnlyForDeploymentPostprocessing = 0;
			shellPath = /bin/sh;
			shellScript = "diff \"${PODS_PODFILE_DIR_PATH}/Podfile.lock\" \"${PODS_ROOT}/Manifest.lock\" > /dev/null\nif [ $? != 0 ] ; then\n    # print error to STDERR\n    echo \"error: The sandbox is not in sync with the Podfile.lock. Run 'pod install' or update your CocoaPods installation.\" >&2\n    exit 1\nfi\n";
			showEnvVarsInLog = 0;
		};
		C7E2D3B8F772243AD969600A /* [CP] Embed Pods Frameworks */ = {
			isa = PBXShellScriptBuildPhase;
			buildActionMask = 2147483647;
			files = (
			);
			inputPaths = (
			);
			name = "[CP] Embed Pods Frameworks";
			outputPaths = (
			);
			runOnlyForDeploymentPostprocessing = 0;
			shellPath = /bin/sh;
			shellScript = "\"${SRCROOT}/Pods/Target Support Files/Pods-ShortenerTests/Pods-ShortenerTests-frameworks.sh\"\n";
			showEnvVarsInLog = 0;
		};
/* End PBXShellScriptBuildPhase section */

/* Begin PBXSourcesBuildPhase section */
		C10DCB111CAD404500C9B0C4 /* Sources */ = {
			isa = PBXSourcesBuildPhase;
			buildActionMask = 2147483647;
			files = (
				C10DCB591CAD4AD300C9B0C4 /* FetchLinksProtocol.swift in Sources */,
				C10DCB6A1CAD7D9A00C9B0C4 /* HttpRequest.swift in Sources */,
				C10DCB531CAD46DC00C9B0C4 /* AddLinkViewController.swift in Sources */,
				C10DCB4F1CAD468B00C9B0C4 /* MenuTableViewController.swift in Sources */,
				C10DCB511CAD46BE00C9B0C4 /* LinksTableViewController.swift in Sources */,
				C10DCB211CAD404500C9B0C4 /* Shortener.xcdatamodeld in Sources */,
				C10DCB191CAD404500C9B0C4 /* AppDelegate.swift in Sources */,
				C10DCB681CAD5B3B00C9B0C4 /* HTTPAddress.swift in Sources */,
				C10DCB561CAD4A3600C9B0C4 /* AddLinkProtocol.swift in Sources */,
				C10DCB4D1CAD423500C9B0C4 /* SWRevealViewController.m in Sources */,
				C1A12B271CAFEE70005C954B /* LinksCell.swift in Sources */,
			);
			runOnlyForDeploymentPostprocessing = 0;
		};
		C10DCB281CAD404500C9B0C4 /* Sources */ = {
			isa = PBXSourcesBuildPhase;
			buildActionMask = 2147483647;
			files = (
				C10DCB311CAD404500C9B0C4 /* ShortenerTests.swift in Sources */,
			);
			runOnlyForDeploymentPostprocessing = 0;
		};
/* End PBXSourcesBuildPhase section */

/* Begin PBXTargetDependency section */
		C10DCB2E1CAD404500C9B0C4 /* PBXTargetDependency */ = {
			isa = PBXTargetDependency;
			target = C10DCB141CAD404500C9B0C4 /* Shortener */;
			targetProxy = C10DCB2D1CAD404500C9B0C4 /* PBXContainerItemProxy */;
		};
/* End PBXTargetDependency section */

/* Begin PBXVariantGroup section */
		C10DCB1C1CAD404500C9B0C4 /* Main.storyboard */ = {
			isa = PBXVariantGroup;
			children = (
				C10DCB1D1CAD404500C9B0C4 /* Base */,
			);
			name = Main.storyboard;
			sourceTree = "<group>";
		};
		C10DCB241CAD404500C9B0C4 /* LaunchScreen.storyboard */ = {
			isa = PBXVariantGroup;
			children = (
				C10DCB251CAD404500C9B0C4 /* Base */,
			);
			name = LaunchScreen.storyboard;
			sourceTree = "<group>";
		};
/* End PBXVariantGroup section */

/* Begin XCBuildConfiguration section */
		C10DCB3E1CAD404500C9B0C4 /* Debug */ = {
			isa = XCBuildConfiguration;
			buildSettings = {
				ALWAYS_SEARCH_USER_PATHS = NO;
				CLANG_ANALYZER_NONNULL = YES;
				CLANG_CXX_LANGUAGE_STANDARD = "gnu++0x";
				CLANG_CXX_LIBRARY = "libc++";
				CLANG_ENABLE_MODULES = YES;
				CLANG_ENABLE_OBJC_ARC = YES;
				CLANG_WARN_BOOL_CONVERSION = YES;
				CLANG_WARN_CONSTANT_CONVERSION = YES;
				CLANG_WARN_DIRECT_OBJC_ISA_USAGE = YES_ERROR;
				CLANG_WARN_EMPTY_BODY = YES;
				CLANG_WARN_ENUM_CONVERSION = YES;
				CLANG_WARN_INT_CONVERSION = YES;
				CLANG_WARN_OBJC_ROOT_CLASS = YES_ERROR;
				CLANG_WARN_UNREACHABLE_CODE = YES;
				CLANG_WARN__DUPLICATE_METHOD_MATCH = YES;
				"CODE_SIGN_IDENTITY[sdk=iphoneos*]" = "iPhone Developer";
				COPY_PHASE_STRIP = NO;
				DEBUG_INFORMATION_FORMAT = dwarf;
				ENABLE_STRICT_OBJC_MSGSEND = YES;
				ENABLE_TESTABILITY = YES;
				GCC_C_LANGUAGE_STANDARD = gnu99;
				GCC_DYNAMIC_NO_PIC = NO;
				GCC_NO_COMMON_BLOCKS = YES;
				GCC_OPTIMIZATION_LEVEL = 0;
				GCC_PREPROCESSOR_DEFINITIONS = (
					"DEBUG=1",
					"$(inherited)",
				);
				GCC_WARN_64_TO_32_BIT_CONVERSION = YES;
				GCC_WARN_ABOUT_RETURN_TYPE = YES_ERROR;
				GCC_WARN_UNDECLARED_SELECTOR = YES;
				GCC_WARN_UNINITIALIZED_AUTOS = YES_AGGRESSIVE;
				GCC_WARN_UNUSED_FUNCTION = YES;
				GCC_WARN_UNUSED_VARIABLE = YES;
				IPHONEOS_DEPLOYMENT_TARGET = 9.3;
				MTL_ENABLE_DEBUG_INFO = YES;
				ONLY_ACTIVE_ARCH = YES;
				SDKROOT = iphoneos;
				SWIFT_OPTIMIZATION_LEVEL = "-Onone";
			};
			name = Debug;
		};
		C10DCB3F1CAD404500C9B0C4 /* Release */ = {
			isa = XCBuildConfiguration;
			buildSettings = {
				ALWAYS_SEARCH_USER_PATHS = NO;
				CLANG_ANALYZER_NONNULL = YES;
				CLANG_CXX_LANGUAGE_STANDARD = "gnu++0x";
				CLANG_CXX_LIBRARY = "libc++";
				CLANG_ENABLE_MODULES = YES;
				CLANG_ENABLE_OBJC_ARC = YES;
				CLANG_WARN_BOOL_CONVERSION = YES;
				CLANG_WARN_CONSTANT_CONVERSION = YES;
				CLANG_WARN_DIRECT_OBJC_ISA_USAGE = YES_ERROR;
				CLANG_WARN_EMPTY_BODY = YES;
				CLANG_WARN_ENUM_CONVERSION = YES;
				CLANG_WARN_INT_CONVERSION = YES;
				CLANG_WARN_OBJC_ROOT_CLASS = YES_ERROR;
				CLANG_WARN_UNREACHABLE_CODE = YES;
				CLANG_WARN__DUPLICATE_METHOD_MATCH = YES;
				"CODE_SIGN_IDENTITY[sdk=iphoneos*]" = "iPhone Developer";
				COPY_PHASE_STRIP = NO;
				DEBUG_INFORMATION_FORMAT = "dwarf-with-dsym";
				ENABLE_NS_ASSERTIONS = NO;
				ENABLE_STRICT_OBJC_MSGSEND = YES;
				GCC_C_LANGUAGE_STANDARD = gnu99;
				GCC_NO_COMMON_BLOCKS = YES;
				GCC_WARN_64_TO_32_BIT_CONVERSION = YES;
				GCC_WARN_ABOUT_RETURN_TYPE = YES_ERROR;
				GCC_WARN_UNDECLARED_SELECTOR = YES;
				GCC_WARN_UNINITIALIZED_AUTOS = YES_AGGRESSIVE;
				GCC_WARN_UNUSED_FUNCTION = YES;
				GCC_WARN_UNUSED_VARIABLE = YES;
				IPHONEOS_DEPLOYMENT_TARGET = 9.3;
				MTL_ENABLE_DEBUG_INFO = NO;
				SDKROOT = iphoneos;
				VALIDATE_PRODUCT = YES;
			};
			name = Release;
		};
		C10DCB411CAD404500C9B0C4 /* Debug */ = {
			isa = XCBuildConfiguration;
			baseConfigurationReference = 515A7CEB9536540EF8819A80 /* Pods-Shortener.debug.xcconfig */;
			buildSettings = {
				ASSETCATALOG_COMPILER_APPICON_NAME = AppIcon;
				CLANG_ENABLE_MODULES = YES;
				INFOPLIST_FILE = Shortener/Info.plist;
				LD_RUNPATH_SEARCH_PATHS = "$(inherited) @executable_path/Frameworks";
				PRODUCT_BUNDLE_IDENTIFIER = piotr.pawlus.Shortener;
				PRODUCT_NAME = "$(TARGET_NAME)";
				SWIFT_OBJC_BRIDGING_HEADER = "Shortener/Bridging-Header.h";
				SWIFT_OPTIMIZATION_LEVEL = "-Onone";
				SWIFT_VERSION = 3.0;
			};
			name = Debug;
		};
		C10DCB421CAD404500C9B0C4 /* Release */ = {
			isa = XCBuildConfiguration;
			baseConfigurationReference = F2373AC6AEFFE394699A59B2 /* Pods-Shortener.release.xcconfig */;
			buildSettings = {
				ASSETCATALOG_COMPILER_APPICON_NAME = AppIcon;
				CLANG_ENABLE_MODULES = YES;
				INFOPLIST_FILE = Shortener/Info.plist;
				LD_RUNPATH_SEARCH_PATHS = "$(inherited) @executable_path/Frameworks";
				PRODUCT_BUNDLE_IDENTIFIER = piotr.pawlus.Shortener;
				PRODUCT_NAME = "$(TARGET_NAME)";
				SWIFT_OBJC_BRIDGING_HEADER = "Shortener/Bridging-Header.h";
				SWIFT_VERSION = 3.0;
			};
			name = Release;
		};
		C10DCB441CAD404500C9B0C4 /* Debug */ = {
			isa = XCBuildConfiguration;
			baseConfigurationReference = 2CCF9B01283ED015F5AB9873 /* Pods-ShortenerTests.debug.xcconfig */;
			buildSettings = {
				BUNDLE_LOADER = "$(TEST_HOST)";
				INFOPLIST_FILE = ShortenerTests/Info.plist;
				LD_RUNPATH_SEARCH_PATHS = "$(inherited) @executable_path/Frameworks @loader_path/Frameworks";
				PRODUCT_BUNDLE_IDENTIFIER = piotr.pawlus.ShortenerTests;
				PRODUCT_NAME = "$(TARGET_NAME)";
				SWIFT_VERSION = 3.0;
				TEST_HOST = "$(BUILT_PRODUCTS_DIR)/Shortener.app/Shortener";
			};
			name = Debug;
		};
		C10DCB451CAD404500C9B0C4 /* Release */ = {
			isa = XCBuildConfiguration;
			baseConfigurationReference = 32646666DB43FF674D5E37AB /* Pods-ShortenerTests.release.xcconfig */;
			buildSettings = {
				BUNDLE_LOADER = "$(TEST_HOST)";
				INFOPLIST_FILE = ShortenerTests/Info.plist;
				LD_RUNPATH_SEARCH_PATHS = "$(inherited) @executable_path/Frameworks @loader_path/Frameworks";
				PRODUCT_BUNDLE_IDENTIFIER = piotr.pawlus.ShortenerTests;
				PRODUCT_NAME = "$(TARGET_NAME)";
				SWIFT_VERSION = 3.0;
				TEST_HOST = "$(BUILT_PRODUCTS_DIR)/Shortener.app/Shortener";
			};
			name = Release;
		};
/* End XCBuildConfiguration section */

/* Begin XCConfigurationList section */
		C10DCB101CAD404500C9B0C4 /* Build configuration list for PBXProject "Shortener" */ = {
			isa = XCConfigurationList;
			buildConfigurations = (
				C10DCB3E1CAD404500C9B0C4 /* Debug */,
				C10DCB3F1CAD404500C9B0C4 /* Release */,
			);
			defaultConfigurationIsVisible = 0;
			defaultConfigurationName = Release;
		};
		C10DCB401CAD404500C9B0C4 /* Build configuration list for PBXNativeTarget "Shortener" */ = {
			isa = XCConfigurationList;
			buildConfigurations = (
				C10DCB411CAD404500C9B0C4 /* Debug */,
				C10DCB421CAD404500C9B0C4 /* Release */,
			);
			defaultConfigurationIsVisible = 0;
			defaultConfigurationName = Release;
		};
		C10DCB431CAD404500C9B0C4 /* Build configuration list for PBXNativeTarget "ShortenerTests" */ = {
			isa = XCConfigurationList;
			buildConfigurations = (
				C10DCB441CAD404500C9B0C4 /* Debug */,
				C10DCB451CAD404500C9B0C4 /* Release */,
			);
			defaultConfigurationIsVisible = 0;
			defaultConfigurationName = Release;
		};
/* End XCConfigurationList section */

/* Begin XCVersionGroup section */
		C10DCB1F1CAD404500C9B0C4 /* Shortener.xcdatamodeld */ = {
			isa = XCVersionGroup;
			children = (
				C10DCB201CAD404500C9B0C4 /* Shortener.xcdatamodel */,
			);
			currentVersion = C10DCB201CAD404500C9B0C4 /* Shortener.xcdatamodel */;
			path = Shortener.xcdatamodeld;
			sourceTree = "<group>";
			versionGroupType = wrapper.xcdatamodel;
		};
/* End XCVersionGroup section */
	};
	rootObject = C10DCB0D1CAD404500C9B0C4 /* Project object */;
}
